
Microsoft Visual Studio Solution File, Format Version 12.00
# Visual Studio Version 17
VisualStudioVersion = 17.0.31903.59
MinimumVisualStudioVersion = 15.0.26124.0
Project("{2150E333-8FDC-42A3-9474-1A3956D46DE8}") = "src", "src", "{69C84246-AA75-43E8-94B2-66FD555B18B0}"
EndProject
Project("{2150E333-8FDC-42A3-9474-1A3956D46DE8}") = "docs", "docs", "{DAC1423F-D386-4838-AEA0-8BFFBB449ED2}"
	ProjectSection(SolutionItems) = preProject
		README.md = README.md
	EndProjectSection
EndProject
Project("{9A19103F-16F7-4668-BE54-9A1E7A4F7556}") = "Atc.Rest.MinimalApi", "src\Atc.Rest.MinimalApi\Atc.Rest.MinimalApi.csproj", "{48083BEB-5AB3-432F-B2E5-059D3FB4E620}"
EndProject
Project("{2150E333-8FDC-42A3-9474-1A3956D46DE8}") = "test", "test", "{58BC6728-197C-484C-A8EC-38BC2F0B58C4}"
EndProject
Project("{9A19103F-16F7-4668-BE54-9A1E7A4F7556}") = "Atc.Rest.MinimalApi.Tests", "test\Atc.Rest.MinimalApi.Tests\Atc.Rest.MinimalApi.Tests.csproj", "{7280EDF9-17CB-478F-BE69-4906C84E04D5}"
EndProject
Project("{2150E333-8FDC-42A3-9474-1A3956D46DE8}") = "sample", "sample", "{F4A6EF5F-063B-476C-ADFB-F4A459A76074}"
EndProject
Project("{2150E333-8FDC-42A3-9474-1A3956D46DE8}") = "src", "src", "{EAF16541-8350-4047-B661-AF8E6E05E1E6}"
EndProject
Project("{2150E333-8FDC-42A3-9474-1A3956D46DE8}") = "test", "test", "{7A940B2C-5FEC-406F-9309-63103E0AA88C}"
EndProject
Project("{9A19103F-16F7-4668-BE54-9A1E7A4F7556}") = "Demo.Api", "sample\src\Demo.Api\Demo.Api.csproj", "{79B9B626-FAB4-4867-9747-7AEC65F10960}"
EndProject
Project("{9A19103F-16F7-4668-BE54-9A1E7A4F7556}") = "Demo.Api.Contracts", "sample\src\Demo.Api.Contracts\Demo.Api.Contracts.csproj", "{E4C67482-08F0-48FC-A89F-EB348A069579}"
EndProject
Project("{9A19103F-16F7-4668-BE54-9A1E7A4F7556}") = "Demo.Domain", "sample\src\Demo.Domain\Demo.Domain.csproj", "{5398791E-2B23-42EA-AB34-83D32867A870}"
EndProject
Project("{9A19103F-16F7-4668-BE54-9A1E7A4F7556}") = "Demo.Api.Contracts.Tests", "sample\test\Demo.Api.Contracts.Tests\Demo.Api.Contracts.Tests.csproj", "{5F5D4952-D66C-413B-970A-3086DF94C239}"
EndProject
Project("{9A19103F-16F7-4668-BE54-9A1E7A4F7556}") = "Demo.Api.IntegrationTests", "sample\test\Demo.Api.IntegrationTests\Demo.Api.IntegrationTests.csproj", "{9232F7EA-1B04-4BAB-8CF4-C1454D9436CA}"
EndProject
Project("{9A19103F-16F7-4668-BE54-9A1E7A4F7556}") = "Demo.Domain.Tests", "sample\test\Demo.Domain.Tests\Demo.Domain.Tests.csproj", "{3E74A657-BC60-4432-97A7-B0D33D36C62B}"
EndProject
Global
	GlobalSection(SolutionConfigurationPlatforms) = preSolution
		Debug|Any CPU = Debug|Any CPU
		Release|Any CPU = Release|Any CPU
	EndGlobalSection
	GlobalSection(ProjectConfigurationPlatforms) = postSolution
		{48083BEB-5AB3-432F-B2E5-059D3FB4E620}.Debug|Any CPU.ActiveCfg = Debug|Any CPU
		{48083BEB-5AB3-432F-B2E5-059D3FB4E620}.Debug|Any CPU.Build.0 = Debug|Any CPU
		{48083BEB-5AB3-432F-B2E5-059D3FB4E620}.Release|Any CPU.ActiveCfg = Release|Any CPU
		{48083BEB-5AB3-432F-B2E5-059D3FB4E620}.Release|Any CPU.Build.0 = Release|Any CPU
		{7280EDF9-17CB-478F-BE69-4906C84E04D5}.Debug|Any CPU.ActiveCfg = Debug|Any CPU
		{7280EDF9-17CB-478F-BE69-4906C84E04D5}.Debug|Any CPU.Build.0 = Debug|Any CPU
		{7280EDF9-17CB-478F-BE69-4906C84E04D5}.Release|Any CPU.ActiveCfg = Release|Any CPU
		{7280EDF9-17CB-478F-BE69-4906C84E04D5}.Release|Any CPU.Build.0 = Release|Any CPU
		{79B9B626-FAB4-4867-9747-7AEC65F10960}.Debug|Any CPU.ActiveCfg = Debug|Any CPU
		{79B9B626-FAB4-4867-9747-7AEC65F10960}.Debug|Any CPU.Build.0 = Debug|Any CPU
		{79B9B626-FAB4-4867-9747-7AEC65F10960}.Release|Any CPU.ActiveCfg = Release|Any CPU
		{79B9B626-FAB4-4867-9747-7AEC65F10960}.Release|Any CPU.Build.0 = Release|Any CPU
		{E4C67482-08F0-48FC-A89F-EB348A069579}.Debug|Any CPU.ActiveCfg = Debug|Any CPU
		{E4C67482-08F0-48FC-A89F-EB348A069579}.Debug|Any CPU.Build.0 = Debug|Any CPU
		{E4C67482-08F0-48FC-A89F-EB348A069579}.Release|Any CPU.ActiveCfg = Release|Any CPU
		{E4C67482-08F0-48FC-A89F-EB348A069579}.Release|Any CPU.Build.0 = Release|Any CPU
		{5398791E-2B23-42EA-AB34-83D32867A870}.Debug|Any CPU.ActiveCfg = Debug|Any CPU
		{5398791E-2B23-42EA-AB34-83D32867A870}.Debug|Any CPU.Build.0 = Debug|Any CPU
		{5398791E-2B23-42EA-AB34-83D32867A870}.Release|Any CPU.ActiveCfg = Release|Any CPU
		{5398791E-2B23-42EA-AB34-83D32867A870}.Release|Any CPU.Build.0 = Release|Any CPU
		{5F5D4952-D66C-413B-970A-3086DF94C239}.Debug|Any CPU.ActiveCfg = Debug|Any CPU
		{5F5D4952-D66C-413B-970A-3086DF94C239}.Debug|Any CPU.Build.0 = Debug|Any CPU
		{5F5D4952-D66C-413B-970A-3086DF94C239}.Release|Any CPU.ActiveCfg = Release|Any CPU
		{5F5D4952-D66C-413B-970A-3086DF94C239}.Release|Any CPU.Build.0 = Release|Any CPU
		{9232F7EA-1B04-4BAB-8CF4-C1454D9436CA}.Debug|Any CPU.ActiveCfg = Debug|Any CPU
		{9232F7EA-1B04-4BAB-8CF4-C1454D9436CA}.Debug|Any CPU.Build.0 = Debug|Any CPU
		{9232F7EA-1B04-4BAB-8CF4-C1454D9436CA}.Release|Any CPU.ActiveCfg = Release|Any CPU
		{9232F7EA-1B04-4BAB-8CF4-C1454D9436CA}.Release|Any CPU.Build.0 = Release|Any CPU
		{3E74A657-BC60-4432-97A7-B0D33D36C62B}.Debug|Any CPU.ActiveCfg = Debug|Any CPU
		{3E74A657-BC60-4432-97A7-B0D33D36C62B}.Debug|Any CPU.Build.0 = Debug|Any CPU
		{3E74A657-BC60-4432-97A7-B0D33D36C62B}.Release|Any CPU.ActiveCfg = Release|Any CPU
		{3E74A657-BC60-4432-97A7-B0D33D36C62B}.Release|Any CPU.Build.0 = Release|Any CPU
	EndGlobalSection
	GlobalSection(SolutionProperties) = preSolution
		HideSolutionNode = FALSE
	EndGlobalSection
	GlobalSection(NestedProjects) = preSolution
		{48083BEB-5AB3-432F-B2E5-059D3FB4E620} = {69C84246-AA75-43E8-94B2-66FD555B18B0}
		{7280EDF9-17CB-478F-BE69-4906C84E04D5} = {58BC6728-197C-484C-A8EC-38BC2F0B58C4}
		{EAF16541-8350-4047-B661-AF8E6E05E1E6} = {F4A6EF5F-063B-476C-ADFB-F4A459A76074}
		{7A940B2C-5FEC-406F-9309-63103E0AA88C} = {F4A6EF5F-063B-476C-ADFB-F4A459A76074}
		{79B9B626-FAB4-4867-9747-7AEC65F10960} = {EAF16541-8350-4047-B661-AF8E6E05E1E6}
		{E4C67482-08F0-48FC-A89F-EB348A069579} = {EAF16541-8350-4047-B661-AF8E6E05E1E6}
		{5398791E-2B23-42EA-AB34-83D32867A870} = {EAF16541-8350-4047-B661-AF8E6E05E1E6}
		{5F5D4952-D66C-413B-970A-3086DF94C239} = {7A940B2C-5FEC-406F-9309-63103E0AA88C}
		{9232F7EA-1B04-4BAB-8CF4-C1454D9436CA} = {7A940B2C-5FEC-406F-9309-63103E0AA88C}
		{3E74A657-BC60-4432-97A7-B0D33D36C62B} = {7A940B2C-5FEC-406F-9309-63103E0AA88C}
	EndGlobalSection
	GlobalSection(ExtensibilityGlobals) = postSolution
		SolutionGuid = {04120463-05C5-417B-8D7A-2D7D35B71A07}
	EndGlobalSection
EndGlobal
